
Microsoft Visual Studio Solution File, Format Version 12.00
# Visual Studio Version 17
VisualStudioVersion = 17.3.32804.467
MinimumVisualStudioVersion = 10.0.40219.1
Project("{9A19103F-16F7-4668-BE54-9A1E7A4F7556}") = "WebAPI", "WebAPI\WebAPI.csproj", "{4D85919B-2E6D-4301-820A-7DEE52ADECCC}"
EndProject
Project("{9A19103F-16F7-4668-BE54-9A1E7A4F7556}") = "DataAccessLayer", "DataAccessLayer\DataAccessLayer.csproj", "{4A65A376-6037-4ADC-8886-9A2F46631908}"
EndProject
Project("{FAE04EC0-301F-11D3-BF4B-00C04F79EFBC}") = "BusinessLayer", "BusinessLayer\BusinessLayer.csproj", "{B1610290-20CF-4FAE-8B2C-C976DD70FD02}"
EndProject
Project("{FAE04EC0-301F-11D3-BF4B-00C04F79EFBC}") = "Shared", "Shared\Shared.csproj", "{9511E65F-804F-4C7F-820B-9E021EC1DE99}"
EndProject
Global
	GlobalSection(SolutionConfigurationPlatforms) = preSolution
		Debug|Any CPU = Debug|Any CPU
		Release|Any CPU = Release|Any CPU
	EndGlobalSection
	GlobalSection(ProjectConfigurationPlatforms) = postSolution
		{4D85919B-2E6D-4301-820A-7DEE52ADECCC}.Debug|Any CPU.ActiveCfg = Debug|Any CPU
		{4D85919B-2E6D-4301-820A-7DEE52ADECCC}.Debug|Any CPU.Build.0 = Debug|Any CPU
		{4D85919B-2E6D-4301-820A-7DEE52ADECCC}.Release|Any CPU.ActiveCfg = Release|Any CPU
		{4D85919B-2E6D-4301-820A-7DEE52ADECCC}.Release|Any CPU.Build.0 = Release|Any CPU
		{4A65A376-6037-4ADC-8886-9A2F46631908}.Debug|Any CPU.ActiveCfg = Debug|Any CPU
		{4A65A376-6037-4ADC-8886-9A2F46631908}.Debug|Any CPU.Build.0 = Debug|Any CPU
		{4A65A376-6037-4ADC-8886-9A2F46631908}.Release|Any CPU.ActiveCfg = Release|Any CPU
		{4A65A376-6037-4ADC-8886-9A2F46631908}.Release|Any CPU.Build.0 = Release|Any CPU
		{B1610290-20CF-4FAE-8B2C-C976DD70FD02}.Debug|Any CPU.ActiveCfg = Debug|Any CPU
		{B1610290-20CF-4FAE-8B2C-C976DD70FD02}.Debug|Any CPU.Build.0 = Debug|Any CPU
		{B1610290-20CF-4FAE-8B2C-C976DD70FD02}.Release|Any CPU.ActiveCfg = Release|Any CPU
		{B1610290-20CF-4FAE-8B2C-C976DD70FD02}.Release|Any CPU.Build.0 = Release|Any CPU
		{9511E65F-804F-4C7F-820B-9E021EC1DE99}.Debug|Any CPU.ActiveCfg = Debug|Any CPU
		{9511E65F-804F-4C7F-820B-9E021EC1DE99}.Debug|Any CPU.Build.0 = Debug|Any CPU
		{9511E65F-804F-4C7F-820B-9E021EC1DE99}.Release|Any CPU.ActiveCfg = Release|Any CPU
		{9511E65F-804F-4C7F-820B-9E021EC1DE99}.Release|Any CPU.Build.0 = Release|Any CPU
	EndGlobalSection
	GlobalSection(SolutionProperties) = preSolution
		HideSolutionNode = FALSE
	EndGlobalSection
	GlobalSection(ExtensibilityGlobals) = postSolution
		SolutionGuid = {C9E30B26-5E26-487B-93C3-96958BAFC5B7}
	EndGlobalSection
EndGlobal
