
Microsoft Visual Studio Solution File, Format Version 12.00
# Visual Studio Version 17
VisualStudioVersion = 17.3.32811.315
MinimumVisualStudioVersion = 10.0.40219.1
Project("{9A19103F-16F7-4668-BE54-9A1E7A4F7556}") = "Laboratorio", "Laboratorio.csproj", "{B61140B9-AAA4-4721-9796-C654B92E0630}"
EndProject
Project("{9A19103F-16F7-4668-BE54-9A1E7A4F7556}") = "DataAccessLayer", "..\DataAccessLayer\DataAccessLayer.csproj", "{6FA2FDA0-B948-4AA5-AD10-29D894024D31}"
EndProject
Project("{FAE04EC0-301F-11D3-BF4B-00C04F79EFBC}") = "BusinessLayer", "..\BusinessLayer\BusinessLayer.csproj", "{5612FBBA-200D-4A8B-94A4-55609B23E486}"
EndProject
Global
	GlobalSection(SolutionConfigurationPlatforms) = preSolution
		Debug|Any CPU = Debug|Any CPU
		Release|Any CPU = Release|Any CPU
	EndGlobalSection
	GlobalSection(ProjectConfigurationPlatforms) = postSolution
		{B61140B9-AAA4-4721-9796-C654B92E0630}.Debug|Any CPU.ActiveCfg = Debug|Any CPU
		{B61140B9-AAA4-4721-9796-C654B92E0630}.Debug|Any CPU.Build.0 = Debug|Any CPU
		{B61140B9-AAA4-4721-9796-C654B92E0630}.Release|Any CPU.ActiveCfg = Release|Any CPU
		{B61140B9-AAA4-4721-9796-C654B92E0630}.Release|Any CPU.Build.0 = Release|Any CPU
		{6FA2FDA0-B948-4AA5-AD10-29D894024D31}.Debug|Any CPU.ActiveCfg = Debug|Any CPU
		{6FA2FDA0-B948-4AA5-AD10-29D894024D31}.Debug|Any CPU.Build.0 = Debug|Any CPU
		{6FA2FDA0-B948-4AA5-AD10-29D894024D31}.Release|Any CPU.ActiveCfg = Release|Any CPU
		{6FA2FDA0-B948-4AA5-AD10-29D894024D31}.Release|Any CPU.Build.0 = Release|Any CPU
		{5612FBBA-200D-4A8B-94A4-55609B23E486}.Debug|Any CPU.ActiveCfg = Debug|Any CPU
		{5612FBBA-200D-4A8B-94A4-55609B23E486}.Debug|Any CPU.Build.0 = Debug|Any CPU
		{5612FBBA-200D-4A8B-94A4-55609B23E486}.Release|Any CPU.ActiveCfg = Release|Any CPU
		{5612FBBA-200D-4A8B-94A4-55609B23E486}.Release|Any CPU.Build.0 = Release|Any CPU
	EndGlobalSection
	GlobalSection(SolutionProperties) = preSolution
		HideSolutionNode = FALSE
	EndGlobalSection
	GlobalSection(ExtensibilityGlobals) = postSolution
		SolutionGuid = {FFE92754-C750-4AB6-849F-B62B924F1ABD}
	EndGlobalSection
EndGlobal
